
Microsoft Visual Studio Solution File, Format Version 12.00
# Visual Studio 15
VisualStudioVersion = 15.0.26730.8
MinimumVisualStudioVersion = 10.0.40219.1
Project("{8BC9CEB8-8B4A-11D0-8D11-00A0C91BC942}") = "ConsoleApplication1", "ConsoleApplication1\ConsoleApplication1.vcxproj", "{108DF0EB-30F2-4188-ADD6-FE8B88F62693}"
EndProject
Project("{2150E333-8FDC-42A3-9474-1A3956D46DE8}") = "Solution Items", "Solution Items", "{BF2F732E-E9A1-4C47-ACFB-81561C093A95}"
	ProjectSection(SolutionItems) = preProject
		README.md = README.md
	EndProjectSection
EndProject
Global
	GlobalSection(SolutionConfigurationPlatforms) = preSolution
		Debug|x64 = Debug|x64
		Debug|x86 = Debug|x86
		Release|x64 = Release|x64
		Release|x86 = Release|x86
	EndGlobalSection
	GlobalSection(ProjectConfigurationPlatforms) = postSolution
		{108DF0EB-30F2-4188-ADD6-FE8B88F62693}.Debug|x64.ActiveCfg = Debug|x64
		{108DF0EB-30F2-4188-ADD6-FE8B88F62693}.Debug|x64.Build.0 = Debug|x64
		{108DF0EB-30F2-4188-ADD6-FE8B88F62693}.Debug|x86.ActiveCfg = Debug|Win32
		{108DF0EB-30F2-4188-ADD6-FE8B88F62693}.Debug|x86.Build.0 = Debug|Win32
		{108DF0EB-30F2-4188-ADD6-FE8B88F62693}.Release|x64.ActiveCfg = Release|x64
		{108DF0EB-30F2-4188-ADD6-FE8B88F62693}.Release|x64.Build.0 = Release|x64
		{108DF0EB-30F2-4188-ADD6-FE8B88F62693}.Release|x86.ActiveCfg = Release|Win32
		{108DF0EB-30F2-4188-ADD6-FE8B88F62693}.Release|x86.Build.0 = Release|Win32
	EndGlobalSection
	GlobalSection(SolutionProperties) = preSolution
		HideSolutionNode = FALSE
	EndGlobalSection
	GlobalSection(ExtensibilityGlobals) = postSolution
		SolutionGuid = {F50A95D1-8AC5-4FC8-9A81-6673C928AD10}
	EndGlobalSection
EndGlobal
